dependencies:
- name: crds
  repository: ""
  version: 0.0.0
- name: kube-state-metrics
  repository: https://prometheus-community.github.io/helm-charts
  version: 5.15.2
- name: prometheus-node-exporter
  repository: https://prometheus-community.github.io/helm-charts
  version: 4.23.2
- name: grafana
  repository: https://grafana.github.io/helm-charts
  version: 7.0.3
- name: prometheus-windows-exporter
  repository: https://prometheus-community.github.io/helm-charts
  version: 0.1.1
digest: sha256:bb0e808f99cae6a25ec7c6a03e6276f9f3f4c971dc211c673fac5362da4db3fc
generated: "2023-11-13T14:48:53.497920031Z"
